# This file is autogenerated, do not edit; changes may be undone by the next 'dep ensure'.


[[projects]]
  digest = "1:4dfad407ee7341c1170d8f9167aca578266087a6426be443307b570b385e8997"
  name = "cloud.google.com/go"
  packages = [
    ".",
    "compute/metadata",
    "iam",
    "internal",
    "internal/optional",
    "internal/trace",
    "internal/version",
    "storage",
  ]
  pruneopts = ""
  revision = "5f1389763ab4f59736c2a60413b7cb0c59f044a2"
  version = "v0.65.0"

[[projects]]
  digest = "1:136b2464d3997192470256d5403a1c067dea7c8889bd02cc75876aefeaf00de0"
  name = "contrib.go.opencensus.io/exporter/stackdriver"
  packages = ["propagation"]
  pruneopts = ""
  revision = "37aa2801fbf0205003e15636096ebf0373510288"
  version = "v0.5.0"

[[projects]]
  digest = "1:289dd4d7abfb3ad2b5f728fbe9b1d5c1bf7d265a3eb9ef92869af1f7baba4c7a"
  name = "github.com/BurntSushi/toml"
  packages = ["."]
  pruneopts = ""
  revision = "b26d9c308763d68093482582cea63d69be07a0f0"
  version = "v0.3.0"

[[projects]]
  digest = "1:6ed9b65072800edb703ad2239dbe9cb45929e379b4cc0e202d4f5c8fdb4dec8b"
  name = "github.com/aws/aws-sdk-go"
  packages = [
    "aws",
    "aws/awserr",
    "aws/awsutil",
    "aws/client",
    "aws/client/metadata",
    "aws/corehandlers",
    "aws/credentials",
    "aws/credentials/ec2rolecreds",
    "aws/credentials/endpointcreds",
    "aws/credentials/stscreds",
    "aws/csm",
    "aws/defaults",
    "aws/ec2metadata",
    "aws/endpoints",
    "aws/request",
    "aws/session",
    "aws/signer/v4",
    "internal/sdkio",
    "internal/sdkrand",
    "internal/sdkuri",
    "internal/shareddefaults",
    "private/protocol",
    "private/protocol/eventstream",
    "private/protocol/eventstream/eventstreamapi",
    "private/protocol/query",
    "private/protocol/query/queryutil",
    "private/protocol/rest",
    "private/protocol/restxml",
    "private/protocol/xml/xmlutil",
    "service/s3",
    "service/s3/s3iface",
    "service/s3/s3manager",
    "service/sts",
  ]
  pruneopts = ""
  revision = "254f2f37e83d1b3585237fe166aacd14c1783e0b"
  version = "v1.15.10"

[[projects]]
  digest = "1:858b7fe7b0f4bc7ef9953926828f2816ea52d01a88d72d1c45bc8c108f23c356"
  name = "github.com/go-ini/ini"
  packages = ["."]
  pruneopts = ""
  revision = "358ee7663966325963d4e8b2e1fbd570c5195153"
  version = "v1.38.1"

[[projects]]
  digest = "1:f958a1c137db276e52f0b50efee41a1a389dcdded59a69711f3e872757dab34b"
  name = "github.com/golang/protobuf"
  packages = [
    "proto",
    "protoc-gen-go",
    "protoc-gen-go/descriptor",
    "protoc-gen-go/generator",
    "protoc-gen-go/generator/internal/remap",
    "protoc-gen-go/grpc",
    "protoc-gen-go/plugin",
    "ptypes",
    "ptypes/any",
    "ptypes/duration",
    "ptypes/timestamp",
  ]
  pruneopts = ""
  revision = "b4deda0973fb4c70b50d226b1af49f3da59f5265"
  version = "v1.1.0"

[[projects]]
  digest = "1:6120f027b9d68ef460b8731e27b0dcf2017f80605c17eb0b4cc151866ba38f6d"
  name = "github.com/googleapis/gax-go"
  packages = [
    ".",
    "v2",
  ]
  pruneopts = ""
  revision = "bd5b16380fd03dc758d11cef74ba2e3bc8b0e8c2"
  version = "v2.0.5"

[[projects]]
  digest = "1:6f49eae0c1e5dab1dafafee34b207aeb7a42303105960944828c2079b92fc88e"
  name = "github.com/jmespath/go-jmespath"
  packages = ["."]
  pruneopts = ""
  revision = "0b12d6b5"

[[projects]]
  digest = "1:79842ff66af8c6fbebb418e3403fa3e9fde8e6c82ebffc5272a3dfeaa64c0665"
  name = "github.com/jstemmer/go-junit-report"
  packages = [
    ".",
    "formatter",
    "parser",
  ]
  pruneopts = ""
  revision = "cc1f095d5cc5eca2844f5c5ea7bb37f6b9bf6cac"
  version = "v0.9.1"

[[projects]]
  digest = "1:eb3da47361162f0ad991ddf391e6dc03e23889201d76046e2917687b84977aee"
  name = "go.opencensus.io"
  packages = [
    ".",
    "internal",
    "internal/tagencoding",
    "plugin/ochttp",
    "plugin/ochttp/propagation/b3",
    "stats",
    "stats/internal",
    "stats/view",
    "tag",
    "trace",
    "trace/internal",
    "trace/propagation",
  ]
  pruneopts = ""
  revision = "e262766cd0d230a1bb7c37281e345e465f19b41b"
  version = "v0.14.0"

[[projects]]
  branch = "master"
  digest = "1:14a609049d48cdb5c7090a0fdab6b2891d3194ef38528f305a0954b0f36657ed"
  name = "golang.org/x/exp"
  packages = [
    "apidiff",
    "cmd/apidiff",
  ]
  pruneopts = ""
  revision = "94841d0725da6d75db0041374260f8a11035d4c8"

[[projects]]
  branch = "master"
  digest = "1:238bca6a38d3334c306f8a900718ff241c38e947f40f92f5225e5e35f4e9dff4"
  name = "golang.org/x/lint"
  packages = [
    ".",
    "golint",
  ]
  pruneopts = ""
  revision = "738671d3881b9731cc63024d5d88cf28db875626"

[[projects]]
  digest = "1:ba49944a3238ae8f163c85b6d01d2db51cd5b09807105a3cfaacbd414744ca82"
  name = "golang.org/x/mod"
  packages = [
    "module",
    "semver",
  ]
  pruneopts = ""
  revision = "859b3ef565e237f9f1a0fb6b55385c497545680d"
  version = "v0.3.0"

[[projects]]
  branch = "master"
  digest = "1:98219b20d296a0031fdb434d30ca6e109623a09530a76cf57e41c94bd1e391a0"
  name = "golang.org/x/net"
  packages = [
    "context",
    "context/ctxhttp",
    "http/httpguts",
    "http2",
    "http2/hpack",
    "idna",
    "internal/timeseries",
    "trace",
  ]
  pruneopts = ""
  revision = "c39426892332e1bb5ec0a434a079bf82f5d30c54"

[[projects]]
  branch = "master"
  digest = "1:a8172cf4304ef01f0c7dd634c331880247d10f9e28b041821f2321a8e4bb3b7c"
  name = "golang.org/x/oauth2"
  packages = [
    ".",
    "google",
    "internal",
    "jws",
    "jwt",
  ]
  pruneopts = ""
  revision = "3d292e4d0cdc3a0113e6d207bb137145ef1de42f"

[[projects]]
  branch = "master"
  digest = "1:072dfe8c89af9499e94ba8174a3be40d1c217bc814662e57dda354e8fb47fac9"
  name = "golang.org/x/sys"
  packages = ["unix"]
  pruneopts = ""
  revision = "98c5dad5d1a0e8a73845ecc8897d0bd56586511d"

[[projects]]
  digest = "1:5acd3512b047305d49e8763eef7ba423901e85d5dd2fd1e71778a0ea8de10bd4"
  name = "golang.org/x/text"
  packages = [
    "collate",
    "collate/build",
    "internal/colltab",
    "internal/gen",
    "internal/tag",
    "internal/triegen",
    "internal/ucd",
    "language",
    "secure/bidirule",
    "transform",
    "unicode/bidi",
    "unicode/cldr",
    "unicode/norm",
    "unicode/rangetable",
  ]
  pruneopts = ""
  revision = "f21a4dfb5e38f5895301dc265a8def02365cc3d0"
  version = "v0.3.0"

[[projects]]
  branch = "master"
  digest = "1:7401ec33d0be09759647eab654fb944926282fb60593b47b0cda048d7bd7be27"
  name = "golang.org/x/tools"
  packages = [
    "cmd/goimports",
    "go/analysis",
    "go/analysis/passes/inspect",
    "go/ast/astutil",
    "go/ast/inspector",
    "go/buildutil",
    "go/gcexportdata",
    "go/internal/cgo",
    "go/internal/gcimporter",
    "go/internal/packagesdriver",
    "go/loader",
    "go/packages",
    "go/types/objectpath",
    "go/types/typeutil",
    "internal/analysisinternal",
    "internal/event",
    "internal/event/core",
    "internal/event/keys",
    "internal/event/label",
    "internal/fastwalk",
    "internal/gocommand",
    "internal/gopathwalk",
    "internal/imports",
    "internal/lsp/fuzzy",
    "internal/packagesinternal",
    "internal/typesinternal",
  ]
  pruneopts = ""
  revision = "97019fc2e64bf4a3665a88c9d1a5f60fb46374af"

[[projects]]
  branch = "master"
  digest = "1:a5a7a1a9560c0eb1f8b32c40da2e71bd2a05b9ff9e1ea294461c7dbe0d24c6bc"
  name = "golang.org/x/xerrors"
  packages = [
    ".",
    "internal",
  ]
  pruneopts = ""
  revision = "5ec99f83aff198f5fbd629d6c8d8eb38a04218ca"

[[projects]]
  branch = "master"
  digest = "1:5058868343b7f6895a5e0c71eb1e4739ddb5061efba7752dc83153ba8094f8bc"
  name = "google.golang.org/api"
  packages = [
    "gensupport",
    "googleapi",
    "googleapi/internal/uritemplates",
    "googleapi/transport",
    "internal",
    "iterator",
    "option",
    "storage/v1",
    "transport/http",
  ]
  pruneopts = ""
  revision = "d089d6ac97131b2ee652f2fe736865338659a668"

[[projects]]
  digest = "1:c1771ca6060335f9768dff6558108bc5ef6c58506821ad43377ee23ff059e472"
  name = "google.golang.org/appengine"
  packages = [
    ".",
    "internal",
    "internal/app_identity",
    "internal/base",
    "internal/datastore",
    "internal/log",
    "internal/modules",
    "internal/remote_api",
    "internal/urlfetch",
    "urlfetch",
  ]
  pruneopts = ""
  revision = "b1f26356af11148e710935ed1ac8a7f5702c7612"
  version = "v1.1.0"

[[projects]]
  branch = "master"
  digest = "1:6e13a9e24f1f47a07571f52df0c6ad6fc8c14753da403ad9f49fc482bc95adfb"
  name = "google.golang.org/genproto"
  packages = [
    "googleapis/api/annotations",
    "googleapis/iam/v1",
    "googleapis/rpc/code",
    "googleapis/rpc/status",
    "googleapis/type/expr",
  ]
  pruneopts = ""
  revision = "73b5761be4c5b2141ebc56cb42899a7d8f67eb96"

[[projects]]
  digest = "1:ca75b3775a5d4e5d1fb48f57ef0865b4aaa8b3f00e6b52be68db991c4594e0a7"
  name = "google.golang.org/grpc"
  packages = [
    ".",
    "balancer",
    "balancer/base",
    "balancer/roundrobin",
    "codes",
    "connectivity",
    "credentials",
    "encoding",
    "encoding/proto",
    "grpclog",
    "internal",
    "internal/backoff",
    "internal/channelz",
    "internal/envconfig",
    "internal/grpcrand",
    "internal/transport",
    "keepalive",
    "metadata",
    "naming",
    "peer",
    "resolver",
    "resolver/dns",
    "resolver/passthrough",
    "stats",
    "status",
    "tap",
  ]
  pruneopts = ""
  revision = "32fb0ac620c32ba40a4626ddf94d90d12cce3455"
  version = "v1.14.0"

[[projects]]
  digest = "1:0d049ff01749ce1d6092c85cb90a02dfdb3b401939b13415b7e608f36bc8ecee"
  name = "google.golang.org/protobuf"
  packages = [
    "encoding/prototext",
    "encoding/protowire",
    "internal/descfmt",
    "internal/descopts",
    "internal/detrand",
    "internal/encoding/defval",
    "internal/encoding/messageset",
    "internal/encoding/tag",
    "internal/encoding/text",
    "internal/errors",
    "internal/fieldsort",
    "internal/filedesc",
    "internal/filetype",
    "internal/flags",
    "internal/genid",
    "internal/impl",
    "internal/mapsort",
    "internal/pragma",
    "internal/set",
    "internal/strs",
    "internal/version",
    "proto",
    "reflect/protoreflect",
    "reflect/protoregistry",
    "runtime/protoiface",
    "runtime/protoimpl",
    "types/descriptorpb",
    "types/known/anypb",
  ]
  pruneopts = ""
  revision = "3f7a61f89bb6813f89d981d1870ed68da0b3c3f1"
  version = "v1.25.0"

[[projects]]
  digest = "1:f0620375dd1f6251d9973b5f2596228cc8042e887cd7f827e4220bc1ce8c30e2"
  name = "gopkg.in/yaml.v2"
  packages = ["."]
  pruneopts = ""
  revision = "5420a8b6744d3b0345ab293f6fcba19c978f1183"
  version = "v2.2.1"

[[projects]]
  digest = "1:39334a04d21eb5f6f3b5bb637cdec35c76c03555d49b0bc7574c9ed1a4553b65"
  name = "honnef.co/go/tools"
  packages = [
    "arg",
    "cmd/staticcheck",
    "code",
    "config",
    "deprecated",
    "edit",
    "facts",
    "functions",
    "go/types/typeutil",
    "internal/cache",
    "internal/passes/buildir",
    "internal/renameio",
    "internal/robustio",
    "internal/sharedcheck",
    "ir",
    "ir/irutil",
    "lint",
    "lint/lintdsl",
    "lint/lintutil",
    "lint/lintutil/format",
    "loader",
    "pattern",
    "printf",
    "report",
    "simple",
    "staticcheck",
    "stylecheck",
    "unused",
    "version",
  ]
  pruneopts = ""
  revision = "e6faca53be3c685bf97e827e24e58ec9297f619e"
  version = "2020.1.5"

[solve-meta]
  analyzer-name = "dep"
  analyzer-version = 1
  input-imports = [
    "cloud.google.com/go/compute/metadata",
    "cloud.google.com/go/iam",
    "cloud.google.com/go/storage",
    "contrib.go.opencensus.io/exporter/stackdriver/propagation",
    "github.com/BurntSushi/toml",
    "github.com/aws/aws-sdk-go/aws",
    "github.com/aws/aws-sdk-go/aws/awserr",
    "github.com/aws/aws-sdk-go/aws/awsutil",
    "github.com/aws/aws-sdk-go/aws/client",
    "github.com/aws/aws-sdk-go/aws/client/metadata",
    "github.com/aws/aws-sdk-go/aws/corehandlers",
    "github.com/aws/aws-sdk-go/aws/credentials",
    "github.com/aws/aws-sdk-go/aws/credentials/ec2rolecreds",
    "github.com/aws/aws-sdk-go/aws/credentials/endpointcreds",
    "github.com/aws/aws-sdk-go/aws/credentials/stscreds",
    "github.com/aws/aws-sdk-go/aws/csm",
    "github.com/aws/aws-sdk-go/aws/defaults",
    "github.com/aws/aws-sdk-go/aws/ec2metadata",
    "github.com/aws/aws-sdk-go/aws/endpoints",
    "github.com/aws/aws-sdk-go/aws/request",
    "github.com/aws/aws-sdk-go/aws/session",
    "github.com/aws/aws-sdk-go/aws/signer/v4",
    "github.com/aws/aws-sdk-go/private/protocol",
    "github.com/aws/aws-sdk-go/private/protocol/eventstream",
    "github.com/aws/aws-sdk-go/private/protocol/eventstream/eventstreamapi",
    "github.com/aws/aws-sdk-go/private/protocol/query",
    "github.com/aws/aws-sdk-go/private/protocol/query/queryutil",
    "github.com/aws/aws-sdk-go/private/protocol/rest",
    "github.com/aws/aws-sdk-go/private/protocol/restxml",
    "github.com/aws/aws-sdk-go/private/protocol/xml/xmlutil",
    "github.com/aws/aws-sdk-go/service/s3",
    "github.com/aws/aws-sdk-go/service/s3/s3iface",
    "github.com/aws/aws-sdk-go/service/s3/s3manager",
    "github.com/aws/aws-sdk-go/service/sts",
    "github.com/go-ini/ini",
    "github.com/golang/protobuf/proto",
    "github.com/golang/protobuf/protoc-gen-go/descriptor",
    "github.com/golang/protobuf/ptypes",
    "github.com/golang/protobuf/ptypes/any",
    "github.com/golang/protobuf/ptypes/duration",
    "github.com/golang/protobuf/ptypes/timestamp",
    "github.com/googleapis/gax-go",
    "github.com/jmespath/go-jmespath",
    "go.opencensus.io",
    "go.opencensus.io/plugin/ochttp",
    "go.opencensus.io/plugin/ochttp/propagation/b3",
    "go.opencensus.io/stats",
    "go.opencensus.io/stats/internal",
    "go.opencensus.io/stats/view",
    "go.opencensus.io/tag",
    "go.opencensus.io/trace",
    "go.opencensus.io/trace/internal",
    "go.opencensus.io/trace/propagation",
    "golang.org/x/net/context",
    "golang.org/x/net/context/ctxhttp",
    "golang.org/x/net/http/httpguts",
    "golang.org/x/net/http2",
    "golang.org/x/net/http2/hpack",
    "golang.org/x/net/idna",
    "golang.org/x/net/trace",
    "golang.org/x/oauth2",
    "golang.org/x/oauth2/google",
    "golang.org/x/oauth2/jws",
    "golang.org/x/oauth2/jwt",
    "golang.org/x/sys/unix",
    "golang.org/x/text/collate",
    "golang.org/x/text/collate/build",
    "golang.org/x/text/language",
    "golang.org/x/text/secure/bidirule",
    "golang.org/x/text/transform",
    "golang.org/x/text/unicode/bidi",
    "golang.org/x/text/unicode/cldr",
    "golang.org/x/text/unicode/norm",
    "golang.org/x/text/unicode/rangetable",
    "google.golang.org/api/gensupport",
    "google.golang.org/api/googleapi",
    "google.golang.org/api/googleapi/internal/uritemplates",
    "google.golang.org/api/googleapi/transport",
    "google.golang.org/api/iterator",
    "google.golang.org/api/option",
    "google.golang.org/api/storage/v1",
    "google.golang.org/api/transport/http",
    "google.golang.org/appengine",
    "google.golang.org/appengine/urlfetch",
    "google.golang.org/genproto/googleapis/api/annotations",
    "google.golang.org/genproto/googleapis/iam/v1",
    "google.golang.org/genproto/googleapis/rpc/code",
    "google.golang.org/genproto/googleapis/rpc/status",
    "google.golang.org/grpc",
    "google.golang.org/grpc/balancer",
    "google.golang.org/grpc/balancer/base",
    "google.golang.org/grpc/balancer/roundrobin",
    "google.golang.org/grpc/codes",
    "google.golang.org/grpc/connectivity",
    "google.golang.org/grpc/credentials",
    "google.golang.org/grpc/encoding",
    "google.golang.org/grpc/encoding/proto",
    "google.golang.org/grpc/grpclog",
    "google.golang.org/grpc/keepalive",
    "google.golang.org/grpc/metadata",
    "google.golang.org/grpc/naming",
    "google.golang.org/grpc/peer",
    "google.golang.org/grpc/resolver",
    "google.golang.org/grpc/resolver/dns",
    "google.golang.org/grpc/resolver/passthrough",
    "google.golang.org/grpc/stats",
    "google.golang.org/grpc/status",
    "google.golang.org/grpc/tap",
    "gopkg.in/yaml.v2",
  ]
  solver-name = "gps-cdcl"
  solver-version = 1
